
Microsoft Visual Studio Solution File, Format Version 11.00
# Visual Studio 2010
Project("{002A2DE9-8BB6-484D-9802-7E4AD4084715}") = "Stache", "Stache.visualdproj", "{284B42B6-8640-4ABB-80DB-98C67BC8F68F}"
EndProject
Project("{8BC9CEB8-8B4A-11D0-8D11-00A0C91BC942}") = "FujiDLL", "..\Fuji\Fuji\Project\FujiDLL.vcxproj", "{797913D3-8E0F-344C-9149-D1C5725A090D}"
	ProjectSection(ProjectDependencies) = postProject
		{5FED352C-871D-D644-AB09-E5BC06A32E1D} = {5FED352C-871D-D644-AB09-E5BC06A32E1D}
	EndProjectSection
EndProject
Project("{8BC9CEB8-8B4A-11D0-8D11-00A0C91BC942}") = "mad", "..\Fuji\Fuji\Middleware\libmad\mad.vcxproj", "{5FED352C-871D-D644-AB09-E5BC06A32E1D}"
EndProject
Global
	GlobalSection(SolutionConfigurationPlatforms) = preSolution
		Debug|Win32 = Debug|Win32
		Debug|x64 = Debug|x64
		DebugOpt|Win32 = DebugOpt|Win32
		DebugOpt|x64 = DebugOpt|x64
		Release|Win32 = Release|Win32
		Release|x64 = Release|x64
		Retail|Win32 = Retail|Win32
		Retail|x64 = Retail|x64
	EndGlobalSection
	GlobalSection(ProjectConfigurationPlatforms) = postSolution
		{284B42B6-8640-4ABB-80DB-98C67BC8F68F}.Debug|Win32.ActiveCfg = Debug|Win32
		{284B42B6-8640-4ABB-80DB-98C67BC8F68F}.Debug|Win32.Build.0 = Debug|Win32
		{284B42B6-8640-4ABB-80DB-98C67BC8F68F}.Debug|x64.ActiveCfg = Debug|Win32
		{284B42B6-8640-4ABB-80DB-98C67BC8F68F}.DebugOpt|Win32.ActiveCfg = Debug|Win32
		{284B42B6-8640-4ABB-80DB-98C67BC8F68F}.DebugOpt|Win32.Build.0 = Debug|Win32
		{284B42B6-8640-4ABB-80DB-98C67BC8F68F}.DebugOpt|x64.ActiveCfg = Debug|Win32
		{284B42B6-8640-4ABB-80DB-98C67BC8F68F}.Release|Win32.ActiveCfg = Release|Win32
		{284B42B6-8640-4ABB-80DB-98C67BC8F68F}.Release|Win32.Build.0 = Release|Win32
		{284B42B6-8640-4ABB-80DB-98C67BC8F68F}.Release|x64.ActiveCfg = Release|Win32
		{284B42B6-8640-4ABB-80DB-98C67BC8F68F}.Retail|Win32.ActiveCfg = Release|Win32
		{284B42B6-8640-4ABB-80DB-98C67BC8F68F}.Retail|Win32.Build.0 = Release|Win32
		{284B42B6-8640-4ABB-80DB-98C67BC8F68F}.Retail|x64.ActiveCfg = Release|Win32
		{797913D3-8E0F-344C-9149-D1C5725A090D}.Debug|Win32.ActiveCfg = Debug|Win32
		{797913D3-8E0F-344C-9149-D1C5725A090D}.Debug|Win32.Build.0 = Debug|Win32
		{797913D3-8E0F-344C-9149-D1C5725A090D}.Debug|x64.ActiveCfg = Debug|Win32
		{797913D3-8E0F-344C-9149-D1C5725A090D}.DebugOpt|Win32.ActiveCfg = DebugOpt|Win32
		{797913D3-8E0F-344C-9149-D1C5725A090D}.DebugOpt|Win32.Build.0 = DebugOpt|Win32
		{797913D3-8E0F-344C-9149-D1C5725A090D}.DebugOpt|x64.ActiveCfg = DebugOpt|Win32
		{797913D3-8E0F-344C-9149-D1C5725A090D}.Release|Win32.ActiveCfg = Release|Win32
		{797913D3-8E0F-344C-9149-D1C5725A090D}.Release|Win32.Build.0 = Release|Win32
		{797913D3-8E0F-344C-9149-D1C5725A090D}.Release|x64.ActiveCfg = Release|Win32
		{797913D3-8E0F-344C-9149-D1C5725A090D}.Retail|Win32.ActiveCfg = Retail|Win32
		{797913D3-8E0F-344C-9149-D1C5725A090D}.Retail|Win32.Build.0 = Retail|Win32
		{797913D3-8E0F-344C-9149-D1C5725A090D}.Retail|x64.ActiveCfg = Retail|Win32
		{5FED352C-871D-D644-AB09-E5BC06A32E1D}.Debug|Win32.ActiveCfg = Debug|Win32
		{5FED352C-871D-D644-AB09-E5BC06A32E1D}.Debug|Win32.Build.0 = Debug|Win32
		{5FED352C-871D-D644-AB09-E5BC06A32E1D}.Debug|x64.ActiveCfg = Debug|Win32
		{5FED352C-871D-D644-AB09-E5BC06A32E1D}.DebugOpt|Win32.ActiveCfg = DebugOpt|Win32
		{5FED352C-871D-D644-AB09-E5BC06A32E1D}.DebugOpt|Win32.Build.0 = DebugOpt|Win32
		{5FED352C-871D-D644-AB09-E5BC06A32E1D}.DebugOpt|x64.ActiveCfg = DebugOpt|Win32
		{5FED352C-871D-D644-AB09-E5BC06A32E1D}.Release|Win32.ActiveCfg = Release|Win32
		{5FED352C-871D-D644-AB09-E5BC06A32E1D}.Release|Win32.Build.0 = Release|Win32
		{5FED352C-871D-D644-AB09-E5BC06A32E1D}.Release|x64.ActiveCfg = Release|Win32
		{5FED352C-871D-D644-AB09-E5BC06A32E1D}.Retail|Win32.ActiveCfg = Retail|Win32
		{5FED352C-871D-D644-AB09-E5BC06A32E1D}.Retail|Win32.Build.0 = Retail|Win32
		{5FED352C-871D-D644-AB09-E5BC06A32E1D}.Retail|x64.ActiveCfg = Retail|Win32
	EndGlobalSection
	GlobalSection(SolutionProperties) = preSolution
		HideSolutionNode = FALSE
	EndGlobalSection
EndGlobal
